// !$*UTF8*$!
{
	archiveVersion = 1;
	classes = {
	};
	objectVersion = 50;
	objects = {

/* Begin PBXBuildFile section */
		EF7CDF96256E427100221512 /* randall.c in Sources */ = {isa = PBXBuildFile; fileRef = EF7CDF94256E427100221512 /* randall.c */; };
		EF7CDF98256E43CF00221512 /* randcpuid.c in Sources */ = {isa = PBXBuildFile; fileRef = EF7CDF97256E43CF00221512 /* randcpuid.c */; };
		EF7CDF9A256E44E500221512 /* randlibhw.c in Sources */ = {isa = PBXBuildFile; fileRef = EF7CDF99256E44E500221512 /* randlibhw.c */; };
		EF7CDF9C256E466700221512 /* randlibsw.c in Sources */ = {isa = PBXBuildFile; fileRef = EF7CDF9B256E466700221512 /* randlibsw.c */; };
		EF7CDF9E256E47FE00221512 /* randmain.c in Sources */ = {isa = PBXBuildFile; fileRef = EF7CDF9D256E47FE00221512 /* randmain.c */; };
/* End PBXBuildFile section */

/* Begin PBXCopyFilesBuildPhase section */
		EF7CDF87256E425E00221512 /* CopyFiles */ = {
			isa = PBXCopyFilesBuildPhase;
			buildActionMask = 2147483647;
			dstPath = /usr/share/man/man1/;
			dstSubfolderSpec = 0;
			files = (
			);
			runOnlyForDeploymentPostprocessing = 1;
		};
/* End PBXCopyFilesBuildPhase section */

/* Begin PBXFileReference section */
		EF7CDF89256E425E00221512 /* Assignment 7 */ = {isa = PBXFileReference; explicitFileType = "compiled.mach-o.executable"; includeInIndex = 0; path = "Assignment 7"; sourceTree = BUILT_PRODUCTS_DIR; };
		EF7CDF93256E427100221512 /* randlib.h */ = {isa = PBXFileReference; fileEncoding = 4; lastKnownFileType = sourcecode.c.h; path = randlib.h; sourceTree = "<group>"; };
		EF7CDF94256E427100221512 /* randall.c */ = {isa = PBXFileReference; fileEncoding = 4; lastKnownFileType = sourcecode.c.c; path = randall.c; sourceTree = "<group>"; };
		EF7CDF95256E427100221512 /* randcpuid.h */ = {isa = PBXFileReference; fileEncoding = 4; lastKnownFileType = sourcecode.c.h; path = randcpuid.h; sourceTree = "<group>"; };
		EF7CDF97256E43CF00221512 /* randcpuid.c */ = {isa = PBXFileReference; lastKnownFileType = sourcecode.c.c; path = randcpuid.c; sourceTree = "<group>"; };
		EF7CDF99256E44E500221512 /* randlibhw.c */ = {isa = PBXFileReference; lastKnownFileType = sourcecode.c.c; path = randlibhw.c; sourceTree = "<group>"; };
		EF7CDF9B256E466700221512 /* randlibsw.c */ = {isa = PBXFileReference; lastKnownFileType = sourcecode.c.c; path = randlibsw.c; sourceTree = "<group>"; };
		EF7CDF9D256E47FE00221512 /* randmain.c */ = {isa = PBXFileReference; lastKnownFileType = sourcecode.c.c; path = randmain.c; sourceTree = "<group>"; };
/* End PBXFileReference section */

/* Begin PBXFrameworksBuildPhase section */
		EF7CDF86256E425E00221512 /* Frameworks */ = {
			isa = PBXFrameworksBuildPhase;
			buildActionMask = 2147483647;
			files = (
			);
			runOnlyForDeploymentPostprocessing = 0;
		};
/* End PBXFrameworksBuildPhase section */

/* Begin PBXGroup section */
		EF7CDF80256E425E00221512 = {
			isa = PBXGroup;
			children = (
				EF7CDF8B256E425E00221512 /* Assignment 7 */,
				EF7CDF8A256E425E00221512 /* Products */,
			);
			sourceTree = "<group>";
		};
		EF7CDF8A256E425E00221512 /* Products */ = {
			isa = PBXGroup;
			children = (
				EF7CDF89256E425E00221512 /* Assignment 7 */,
			);
			name = Products;
			sourceTree = "<group>";
		};
		EF7CDF8B256E425E00221512 /* Assignment 7 */ = {
			isa = PBXGroup;
			children = (
				EF7CDF94256E427100221512 /* randall.c */,
				EF7CDF95256E427100221512 /* randcpuid.h */,
				EF7CDF93256E427100221512 /* randlib.h */,
				EF7CDF97256E43CF00221512 /* randcpuid.c */,
				EF7CDF99256E44E500221512 /* randlibhw.c */,
				EF7CDF9B256E466700221512 /* randlibsw.c */,
				EF7CDF9D256E47FE00221512 /* randmain.c */,
			);
			path = "Assignment 7";
			sourceTree = "<group>";
		};
/* End PBXGroup section */

/* Begin PBXNativeTarget section */
		EF7CDF88256E425E00221512 /* Assignment 7 */ = {
			isa = PBXNativeTarget;
			buildConfigurationList = EF7CDF90256E425E00221512 /* Build configuration list for PBXNativeTarget "Assignment 7" */;
			buildPhases = (
				EF7CDF85256E425E00221512 /* Sources */,
				EF7CDF86256E425E00221512 /* Frameworks */,
				EF7CDF87256E425E00221512 /* CopyFiles */,
			);
			buildRules = (
			);
			dependencies = (
			);
			name = "Assignment 7";
			productName = "Assignment 7";
			productReference = EF7CDF89256E425E00221512 /* Assignment 7 */;
			productType = "com.apple.product-type.tool";
		};
/* End PBXNativeTarget section */

/* Begin PBXProject section */
		EF7CDF81256E425E00221512 /* Project object */ = {
			isa = PBXProject;
			attributes = {
				LastUpgradeCheck = 1160;
				ORGANIZATIONNAME = "Cody Do";
				TargetAttributes = {
					EF7CDF88256E425E00221512 = {
						CreatedOnToolsVersion = 11.6;
					};
				};
			};
			buildConfigurationList = EF7CDF84256E425E00221512 /* Build configuration list for PBXProject "Assignment 7" */;
			compatibilityVersion = "Xcode 9.3";
			developmentRegion = en;
			hasScannedForEncodings = 0;
			knownRegions = (
				en,
				Base,
			);
			mainGroup = EF7CDF80256E425E00221512;
			productRefGroup = EF7CDF8A256E425E00221512 /* Products */;
			projectDirPath = "";
			projectRoot = "";
			targets = (
				EF7CDF88256E425E00221512 /* Assignment 7 */,
			);
		};
/* End PBXProject section */

/* Begin PBXSourcesBuildPhase section */
		EF7CDF85256E425E00221512 /* Sources */ = {
			isa = PBXSourcesBuildPhase;
			buildActionMask = 2147483647;
			files = (
				EF7CDF9A256E44E500221512 /* randlibhw.c in Sources */,
				EF7CDF98256E43CF00221512 /* randcpuid.c in Sources */,
				EF7CDF9C256E466700221512 /* randlibsw.c in Sources */,
				EF7CDF96256E427100221512 /* randall.c in Sources */,
				EF7CDF9E256E47FE00221512 /* randmain.c in Sources */,
			);
			runOnlyForDeploymentPostprocessing = 0;
		};
/* End PBXSourcesBuildPhase section */

/* Begin XCBuildConfiguration section */
		EF7CDF8E256E425E00221512 /* Debug */ = {
			isa = XCBuildConfiguration;
			buildSettings = {
				ALWAYS_SEARCH_USER_PATHS = NO;
				CLANG_ANALYZER_NONNULL = YES;
				CLANG_ANALYZER_NUMBER_OBJECT_CONVERSION = YES_AGGRESSIVE;
				CLANG_CXX_LANGUAGE_STANDARD = "gnu++14";
				CLANG_CXX_LIBRARY = "libc++";
				CLANG_ENABLE_MODULES = YES;
				CLANG_ENABLE_OBJC_ARC = YES;
				CLANG_ENABLE_OBJC_WEAK = YES;
				CLANG_WARN_BLOCK_CAPTURE_AUTORELEASING = YES;
				CLANG_WARN_BOOL_CONVERSION = YES;
				CLANG_WARN_COMMA = YES;
				CLANG_WARN_CONSTANT_CONVERSION = YES;
				CLANG_WARN_DEPRECATED_OBJC_IMPLEMENTATIONS = YES;
				CLANG_WARN_DIRECT_OBJC_ISA_USAGE = YES_ERROR;
				CLANG_WARN_DOCUMENTATION_COMMENTS = YES;
				CLANG_WARN_EMPTY_BODY = YES;
				CLANG_WARN_ENUM_CONVERSION = YES;
				CLANG_WARN_INFINITE_RECURSION = YES;
				CLANG_WARN_INT_CONVERSION = YES;
				CLANG_WARN_NON_LITERAL_NULL_CONVERSION = YES;
				CLANG_WARN_OBJC_IMPLICIT_RETAIN_SELF = YES;
				CLANG_WARN_OBJC_LITERAL_CONVERSION = YES;
				CLANG_WARN_OBJC_ROOT_CLASS = YES_ERROR;
				CLANG_WARN_RANGE_LOOP_ANALYSIS = YES;
				CLANG_WARN_STRICT_PROTOTYPES = YES;
				CLANG_WARN_SUSPICIOUS_MOVE = YES;
				CLANG_WARN_UNGUARDED_AVAILABILITY = YES_AGGRESSIVE;
				CLANG_WARN_UNREACHABLE_CODE = YES;
				CLANG_WARN__DUPLICATE_METHOD_MATCH = YES;
				COPY_PHASE_STRIP = NO;
				DEBUG_INFORMATION_FORMAT = dwarf;
				ENABLE_STRICT_OBJC_MSGSEND = YES;
				ENABLE_TESTABILITY = YES;
				GCC_C_LANGUAGE_STANDARD = gnu11;
				GCC_DYNAMIC_NO_PIC = NO;
				GCC_NO_COMMON_BLOCKS = YES;
				GCC_OPTIMIZATION_LEVEL = 0;
				GCC_PREPROCESSOR_DEFINITIONS = (
					"DEBUG=1",
					"$(inherited)",
				);
				GCC_WARN_64_TO_32_BIT_CONVERSION = YES;
				GCC_WARN_ABOUT_RETURN_TYPE = YES_ERROR;
				GCC_WARN_UNDECLARED_SELECTOR = YES;
				GCC_WARN_UNINITIALIZED_AUTOS = YES_AGGRESSIVE;
				GCC_WARN_UNUSED_FUNCTION = YES;
				GCC_WARN_UNUSED_VARIABLE = YES;
				MACOSX_DEPLOYMENT_TARGET = 10.15;
				MTL_ENABLE_DEBUG_INFO = INCLUDE_SOURCE;
				MTL_FAST_MATH = YES;
				ONLY_ACTIVE_ARCH = YES;
				SDKROOT = macosx;
			};
			name = Debug;
		};
		EF7CDF8F256E425E00221512 /* Release */ = {
			isa = XCBuildConfiguration;
			buildSettings = {
				ALWAYS_SEARCH_USER_PATHS = NO;
				CLANG_ANALYZER_NONNULL = YES;
				CLANG_ANALYZER_NUMBER_OBJECT_CONVERSION = YES_AGGRESSIVE;
				CLANG_CXX_LANGUAGE_STANDARD = "gnu++14";
				CLANG_CXX_LIBRARY = "libc++";
				CLANG_ENABLE_MODULES = YES;
				CLANG_ENABLE_OBJC_ARC = YES;
				CLANG_ENABLE_OBJC_WEAK = YES;
				CLANG_WARN_BLOCK_CAPTURE_AUTORELEASING = YES;
				CLANG_WARN_BOOL_CONVERSION = YES;
				CLANG_WARN_COMMA = YES;
				CLANG_WARN_CONSTANT_CONVERSION = YES;
				CLANG_WARN_DEPRECATED_OBJC_IMPLEMENTATIONS = YES;
				CLANG_WARN_DIRECT_OBJC_ISA_USAGE = YES_ERROR;
				CLANG_WARN_DOCUMENTATION_COMMENTS = YES;
				CLANG_WARN_EMPTY_BODY = YES;
				CLANG_WARN_ENUM_CONVERSION = YES;
				CLANG_WARN_INFINITE_RECURSION = YES;
				CLANG_WARN_INT_CONVERSION = YES;
				CLANG_WARN_NON_LITERAL_NULL_CONVERSION = YES;
				CLANG_WARN_OBJC_IMPLICIT_RETAIN_SELF = YES;
				CLANG_WARN_OBJC_LITERAL_CONVERSION = YES;
				CLANG_WARN_OBJC_ROOT_CLASS = YES_ERROR;
				CLANG_WARN_RANGE_LOOP_ANALYSIS = YES;
				CLANG_WARN_STRICT_PROTOTYPES = YES;
				CLANG_WARN_SUSPICIOUS_MOVE = YES;
				CLANG_WARN_UNGUARDED_AVAILABILITY = YES_AGGRESSIVE;
				CLANG_WARN_UNREACHABLE_CODE = YES;
				CLANG_WARN__DUPLICATE_METHOD_MATCH = YES;
				COPY_PHASE_STRIP = NO;
				DEBUG_INFORMATION_FORMAT = "dwarf-with-dsym";
				ENABLE_NS_ASSERTIONS = NO;
				ENABLE_STRICT_OBJC_MSGSEND = YES;
				GCC_C_LANGUAGE_STANDARD = gnu11;
				GCC_NO_COMMON_BLOCKS = YES;
				GCC_WARN_64_TO_32_BIT_CONVERSION = YES;
				GCC_WARN_ABOUT_RETURN_TYPE = YES_ERROR;
				GCC_WARN_UNDECLARED_SELECTOR = YES;
				GCC_WARN_UNINITIALIZED_AUTOS = YES_AGGRESSIVE;
				GCC_WARN_UNUSED_FUNCTION = YES;
				GCC_WARN_UNUSED_VARIABLE = YES;
				MACOSX_DEPLOYMENT_TARGET = 10.15;
				MTL_ENABLE_DEBUG_INFO = NO;
				MTL_FAST_MATH = YES;
				SDKROOT = macosx;
			};
			name = Release;
		};
		EF7CDF91256E425E00221512 /* Debug */ = {
			isa = XCBuildConfiguration;
			buildSettings = {
				CODE_SIGN_STYLE = Automatic;
				PRODUCT_NAME = "$(TARGET_NAME)";
			};
			name = Debug;
		};
		EF7CDF92256E425E00221512 /* Release */ = {
			isa = XCBuildConfiguration;
			buildSettings = {
				CODE_SIGN_STYLE = Automatic;
				PRODUCT_NAME = "$(TARGET_NAME)";
			};
			name = Release;
		};
/* End XCBuildConfiguration section */

/* Begin XCConfigurationList section */
		EF7CDF84256E425E00221512 /* Build configuration list for PBXProject "Assignment 7" */ = {
			isa = XCConfigurationList;
			buildConfigurations = (
				EF7CDF8E256E425E00221512 /* Debug */,
				EF7CDF8F256E425E00221512 /* Release */,
			);
			defaultConfigurationIsVisible = 0;
			defaultConfigurationName = Release;
		};
		EF7CDF90256E425E00221512 /* Build configuration list for PBXNativeTarget "Assignment 7" */ = {
			isa = XCConfigurationList;
			buildConfigurations = (
				EF7CDF91256E425E00221512 /* Debug */,
				EF7CDF92256E425E00221512 /* Release */,
			);
			defaultConfigurationIsVisible = 0;
			defaultConfigurationName = Release;
		};
/* End XCConfigurationList section */
	};
	rootObject = EF7CDF81256E425E00221512 /* Project object */;
}
